
Microsoft Visual Studio Solution File, Format Version 12.00
# Visual Studio Version 16
VisualStudioVersion = 16.0.30907.101
MinimumVisualStudioVersion = 10.0.40219.1
Project("{FAE04EC0-301F-11D3-BF4B-00C04F79EFBC}") = "ConnectionLesson", "ConnectionLesson\ConnectionLesson.csproj", "{491257DC-7BAD-42F9-BB87-6ED0F52049BC}"
EndProject
Global
	GlobalSection(SolutionConfigurationPlatforms) = preSolution
		Debug|Any CPU = Debug|Any CPU
		Release|Any CPU = Release|Any CPU
	EndGlobalSection
	GlobalSection(ProjectConfigurationPlatforms) = postSolution
		{491257DC-7BAD-42F9-BB87-6ED0F52049BC}.Debug|Any CPU.ActiveCfg = Debug|Any CPU
		{491257DC-7BAD-42F9-BB87-6ED0F52049BC}.Debug|Any CPU.Build.0 = Debug|Any CPU
		{491257DC-7BAD-42F9-BB87-6ED0F52049BC}.Release|Any CPU.ActiveCfg = Release|Any CPU
		{491257DC-7BAD-42F9-BB87-6ED0F52049BC}.Release|Any CPU.Build.0 = Release|Any CPU
	EndGlobalSection
	GlobalSection(SolutionProperties) = preSolution
		HideSolutionNode = FALSE
	EndGlobalSection
	GlobalSection(ExtensibilityGlobals) = postSolution
		SolutionGuid = {B3F61C8F-EA2E-4B4B-8B7B-B2EDE080024C}
	EndGlobalSection
EndGlobal
